{
  "name": "AdventOfCode",
  "version": "1.0.0",
  "lockfileVersion": 3,
  "requires": true,
  "packages": {
    "": {
      "name": "AdventOfCode",
      "version": "1.0.0",
      "dependencies": {
        "lodash": "^4.17.21",
        "paralleljs": "^1.1.0"
      }
    },
    "node_modules/lodash": {
      "version": "4.17.21",
      "resolved": "https://repo.dev.wixpress.com/artifactory/api/npm/npm-repos/lodash/-/lodash-4.17.21.tgz",
      "integrity": "sha1-Z5WRxWTDv/quhFTPCz3zcMPWkRw=",
      "license": "MIT"
    },
    "node_modules/paralleljs": {
      "version": "1.1.0",
      "resolved": "https://repo.dev.wixpress.com/artifactory/api/npm/npm-repos/paralleljs/-/paralleljs-1.1.0.tgz",
      "integrity": "sha1-0M1VQP5N2OgPqU08tqUwUQ2+bnA=",
      "license": "MIT",
      "engines": {
        "node": ">=10"
      }
    }
  }
}
